
Microsoft Visual Studio Solution File, Format Version 12.00
# Visual Studio 15
VisualStudioVersion = 15.0.28307.421
MinimumVisualStudioVersion = 10.0.40219.1
Project("{FAE04EC0-301F-11D3-BF4B-00C04F79EFBC}") = "11-11-19 PM-tdd(sqrt)", "11-11-19 PM-tdd(sqrt)\11-11-19 PM-tdd(sqrt).csproj", "{7CFBC589-8870-4DAF-B206-83E1E86BCCF1}"
EndProject
Global
	GlobalSection(SolutionConfigurationPlatforms) = preSolution
		Debug|Any CPU = Debug|Any CPU
		Release|Any CPU = Release|Any CPU
	EndGlobalSection
	GlobalSection(ProjectConfigurationPlatforms) = postSolution
		{7CFBC589-8870-4DAF-B206-83E1E86BCCF1}.Debug|Any CPU.ActiveCfg = Debug|Any CPU
		{7CFBC589-8870-4DAF-B206-83E1E86BCCF1}.Debug|Any CPU.Build.0 = Debug|Any CPU
		{7CFBC589-8870-4DAF-B206-83E1E86BCCF1}.Release|Any CPU.ActiveCfg = Release|Any CPU
		{7CFBC589-8870-4DAF-B206-83E1E86BCCF1}.Release|Any CPU.Build.0 = Release|Any CPU
	EndGlobalSection
	GlobalSection(SolutionProperties) = preSolution
		HideSolutionNode = FALSE
	EndGlobalSection
	GlobalSection(ExtensibilityGlobals) = postSolution
		SolutionGuid = {8C55D313-0545-4D61-9422-DA6CB6933711}
	EndGlobalSection
EndGlobal
